
Microsoft Visual Studio Solution File, Format Version 12.00
# Visual Studio Version 16
VisualStudioVersion = 16.0.30204.135
MinimumVisualStudioVersion = 10.0.40219.1
Project("{FAE04EC0-301F-11D3-BF4B-00C04F79EFBC}") = "TakeInfoAboutCountry", "TakeInfoAboutCountry\TakeInfoAboutCountry.csproj", "{C361C974-C7C2-4A37-B041-7851E5E64941}"
EndProject
Project("{FAE04EC0-301F-11D3-BF4B-00C04F79EFBC}") = "SearchByCountry", "SearchByCountry\SearchByCountry.csproj", "{5AC1F69A-31A6-4A24-B692-00E753DC13C4}"
EndProject
Project("{FAE04EC0-301F-11D3-BF4B-00C04F79EFBC}") = "SqlHelperForDataBase", "SqlHelprepForDataBase\SqlHelperForDataBase.csproj", "{59190503-3874-476B-A9EE-8C6FAE8A1CA8}"
EndProject
Global
	GlobalSection(SolutionConfigurationPlatforms) = preSolution
		Debug|Any CPU = Debug|Any CPU
		Release|Any CPU = Release|Any CPU
	EndGlobalSection
	GlobalSection(ProjectConfigurationPlatforms) = postSolution
		{C361C974-C7C2-4A37-B041-7851E5E64941}.Debug|Any CPU.ActiveCfg = Debug|Any CPU
		{C361C974-C7C2-4A37-B041-7851E5E64941}.Debug|Any CPU.Build.0 = Debug|Any CPU
		{C361C974-C7C2-4A37-B041-7851E5E64941}.Release|Any CPU.ActiveCfg = Release|Any CPU
		{C361C974-C7C2-4A37-B041-7851E5E64941}.Release|Any CPU.Build.0 = Release|Any CPU
		{5AC1F69A-31A6-4A24-B692-00E753DC13C4}.Debug|Any CPU.ActiveCfg = Debug|Any CPU
		{5AC1F69A-31A6-4A24-B692-00E753DC13C4}.Debug|Any CPU.Build.0 = Debug|Any CPU
		{5AC1F69A-31A6-4A24-B692-00E753DC13C4}.Release|Any CPU.ActiveCfg = Release|Any CPU
		{5AC1F69A-31A6-4A24-B692-00E753DC13C4}.Release|Any CPU.Build.0 = Release|Any CPU
		{59190503-3874-476B-A9EE-8C6FAE8A1CA8}.Debug|Any CPU.ActiveCfg = Debug|Any CPU
		{59190503-3874-476B-A9EE-8C6FAE8A1CA8}.Debug|Any CPU.Build.0 = Debug|Any CPU
		{59190503-3874-476B-A9EE-8C6FAE8A1CA8}.Release|Any CPU.ActiveCfg = Release|Any CPU
		{59190503-3874-476B-A9EE-8C6FAE8A1CA8}.Release|Any CPU.Build.0 = Release|Any CPU
	EndGlobalSection
	GlobalSection(SolutionProperties) = preSolution
		HideSolutionNode = FALSE
	EndGlobalSection
	GlobalSection(ExtensibilityGlobals) = postSolution
		SolutionGuid = {7C04B55A-7D5E-4D20-AB65-274C1389C9DF}
	EndGlobalSection
EndGlobal
